// !$*UTF8*$!
{
	archiveVersion = 1;
	classes = {
	};
	objectVersion = 48;
	objects = {

/* Begin PBXBuildFile section */
		85BA82001FF204EF009D920A /* AppDelegate.m in Sources */ = {isa = PBXBuildFile; fileRef = 85BA81FF1FF204EF009D920A /* AppDelegate.m */; };
		85BA82031FF204EF009D920A /* ViewController.m in Sources */ = {isa = PBXBuildFile; fileRef = 85BA82021FF204EF009D920A /* ViewController.m */; };
		85BA82061FF204EF009D920A /* Main.storyboard in Resources */ = {isa = PBXBuildFile; fileRef = 85BA82041FF204EF009D920A /* Main.storyboard */; };
		85BA82081FF204EF009D920A /* Assets.xcassets in Resources */ = {isa = PBXBuildFile; fileRef = 85BA82071FF204EF009D920A /* Assets.xcassets */; };
		85BA820B1FF204EF009D920A /* LaunchScreen.storyboard in Resources */ = {isa = PBXBuildFile; fileRef = 85BA82091FF204EF009D920A /* LaunchScreen.storyboard */; };
		85BA820E1FF204EF009D920A /* main.m in Sources */ = {isa = PBXBuildFile; fileRef = 85BA820D1FF204EF009D920A /* main.m */; };
		85BA82181FF2057A009D920A /* ZWSandboxHelper.m in Sources */ = {isa = PBXBuildFile; fileRef = 85BA82171FF2057A009D920A /* ZWSandboxHelper.m */; };
		85BA821F1FF2614A009D920A /* ZWFileManageHelper.m in Sources */ = {isa = PBXBuildFile; fileRef = 85BA821E1FF26149009D920A /* ZWFileManageHelper.m */; };
/* End PBXBuildFile section */

/* Begin PBXFileReference section */
		85BA81FB1FF204EF009D920A /* ZWDevelopHelperDemo.app */ = {isa = PBXFileReference; explicitFileType = wrapper.application; includeInIndex = 0; path = ZWDevelopHelperDemo.app; sourceTree = BUILT_PRODUCTS_DIR; };
		85BA81FE1FF204EF009D920A /* AppDelegate.h */ = {isa = PBXFileReference; lastKnownFileType = sourcecode.c.h; path = AppDelegate.h; sourceTree = "<group>"; };
		85BA81FF1FF204EF009D920A /* AppDelegate.m */ = {isa = PBXFileReference; lastKnownFileType = sourcecode.c.objc; path = AppDelegate.m; sourceTree = "<group>"; };
		85BA82011FF204EF009D920A /* ViewController.h */ = {isa = PBXFileReference; lastKnownFileType = sourcecode.c.h; path = ViewController.h; sourceTree = "<group>"; };
		85BA82021FF204EF009D920A /* ViewController.m */ = {isa = PBXFileReference; lastKnownFileType = sourcecode.c.objc; path = ViewController.m; sourceTree = "<group>"; };
		85BA82051FF204EF009D920A /* Base */ = {isa = PBXFileReference; lastKnownFileType = file.storyboard; name = Base; path = Base.lproj/Main.storyboard; sourceTree = "<group>"; };
		85BA82071FF204EF009D920A /* Assets.xcassets */ = {isa = PBXFileReference; lastKnownFileType = folder.assetcatalog; path = Assets.xcassets; sourceTree = "<group>"; };
		85BA820A1FF204EF009D920A /* Base */ = {isa = PBXFileReference; lastKnownFileType = file.storyboard; name = Base; path = Base.lproj/LaunchScreen.storyboard; sourceTree = "<group>"; };
		85BA820C1FF204EF009D920A /* Info.plist */ = {isa = PBXFileReference; lastKnownFileType = text.plist.xml; path = Info.plist; sourceTree = "<group>"; };
		85BA820D1FF204EF009D920A /* main.m */ = {isa = PBXFileReference; lastKnownFileType = sourcecode.c.objc; path = main.m; sourceTree = "<group>"; };
		85BA82161FF2057A009D920A /* ZWSandboxHelper.h */ = {isa = PBXFileReference; lastKnownFileType = sourcecode.c.h; path = ZWSandboxHelper.h; sourceTree = "<group>"; };
		85BA82171FF2057A009D920A /* ZWSandboxHelper.m */ = {isa = PBXFileReference; lastKnownFileType = sourcecode.c.objc; path = ZWSandboxHelper.m; sourceTree = "<group>"; };
		85BA821D1FF26149009D920A /* ZWFileManageHelper.h */ = {isa = PBXFileReference; fileEncoding = 4; lastKnownFileType = sourcecode.c.h; path = ZWFileManageHelper.h; sourceTree = "<group>"; };
		85BA821E1FF26149009D920A /* ZWFileManageHelper.m */ = {isa = PBXFileReference; fileEncoding = 4; lastKnownFileType = sourcecode.c.objc; path = ZWFileManageHelper.m; sourceTree = "<group>"; };
		85BA82201FF2618B009D920A /* ZWDevelopHelper.h */ = {isa = PBXFileReference; lastKnownFileType = sourcecode.c.h; path = ZWDevelopHelper.h; sourceTree = "<group>"; };
/* End PBXFileReference section */

/* Begin PBXFrameworksBuildPhase section */
		85BA81F81FF204EF009D920A /* Frameworks */ = {
			isa = PBXFrameworksBuildPhase;
			buildActionMask = 2147483647;
			files = (
			);
			runOnlyForDeploymentPostprocessing = 0;
		};
/* End PBXFrameworksBuildPhase section */

/* Begin PBXGroup section */
		85BA81F21FF204EF009D920A = {
			isa = PBXGroup;
			children = (
				85BA82141FF2050B009D920A /* ZWDevelopHelper */,
				85BA81FD1FF204EF009D920A /* ZWDevelopHelperDemo */,
				85BA81FC1FF204EF009D920A /* Products */,
			);
			sourceTree = "<group>";
		};
		85BA81FC1FF204EF009D920A /* Products */ = {
			isa = PBXGroup;
			children = (
				85BA81FB1FF204EF009D920A /* ZWDevelopHelperDemo.app */,
			);
			name = Products;
			sourceTree = "<group>";
		};
		85BA81FD1FF204EF009D920A /* ZWDevelopHelperDemo */ = {
			isa = PBXGroup;
			children = (
				85BA81FE1FF204EF009D920A /* AppDelegate.h */,
				85BA81FF1FF204EF009D920A /* AppDelegate.m */,
				85BA82011FF204EF009D920A /* ViewController.h */,
				85BA82021FF204EF009D920A /* ViewController.m */,
				85BA82041FF204EF009D920A /* Main.storyboard */,
				85BA82071FF204EF009D920A /* Assets.xcassets */,
				85BA82091FF204EF009D920A /* LaunchScreen.storyboard */,
				85BA820C1FF204EF009D920A /* Info.plist */,
				85BA820D1FF204EF009D920A /* main.m */,
			);
			path = ZWDevelopHelperDemo;
			sourceTree = "<group>";
		};
		85BA82141FF2050B009D920A /* ZWDevelopHelper */ = {
			isa = PBXGroup;
			children = (
				85BA82201FF2618B009D920A /* ZWDevelopHelper.h */,
				85BA821C1FF26149009D920A /* ZWFileManageHelper */,
				85BA82151FF20567009D920A /* ZWSandboxHelper */,
			);
			path = ZWDevelopHelper;
			sourceTree = "<group>";
		};
		85BA82151FF20567009D920A /* ZWSandboxHelper */ = {
			isa = PBXGroup;
			children = (
				85BA82161FF2057A009D920A /* ZWSandboxHelper.h */,
				85BA82171FF2057A009D920A /* ZWSandboxHelper.m */,
			);
			path = ZWSandboxHelper;
			sourceTree = "<group>";
		};
		85BA821C1FF26149009D920A /* ZWFileManageHelper */ = {
			isa = PBXGroup;
			children = (
				85BA821D1FF26149009D920A /* ZWFileManageHelper.h */,
				85BA821E1FF26149009D920A /* ZWFileManageHelper.m */,
			);
			path = ZWFileManageHelper;
			sourceTree = "<group>";
		};
/* End PBXGroup section */

/* Begin PBXNativeTarget section */
		85BA81FA1FF204EF009D920A /* ZWDevelopHelperDemo */ = {
			isa = PBXNativeTarget;
			buildConfigurationList = 85BA82111FF204EF009D920A /* Build configuration list for PBXNativeTarget "ZWDevelopHelperDemo" */;
			buildPhases = (
				85BA81F71FF204EF009D920A /* Sources */,
				85BA81F81FF204EF009D920A /* Frameworks */,
				85BA81F91FF204EF009D920A /* Resources */,
			);
			buildRules = (
			);
			dependencies = (
			);
			name = ZWDevelopHelperDemo;
			productName = ZWDevelopHelperDemo;
			productReference = 85BA81FB1FF204EF009D920A /* ZWDevelopHelperDemo.app */;
			productType = "com.apple.product-type.application";
		};
/* End PBXNativeTarget section */

/* Begin PBXProject section */
		85BA81F31FF204EF009D920A /* Project object */ = {
			isa = PBXProject;
			attributes = {
				LastUpgradeCheck = 0920;
				ORGANIZATIONNAME = wang_ziwu;
				TargetAttributes = {
					85BA81FA1FF204EF009D920A = {
						CreatedOnToolsVersion = 9.2;
						ProvisioningStyle = Automatic;
					};
				};
			};
			buildConfigurationList = 85BA81F61FF204EF009D920A /* Build configuration list for PBXProject "ZWDevelopHelperDemo" */;
			compatibilityVersion = "Xcode 8.0";
			developmentRegion = en;
			hasScannedForEncodings = 0;
			knownRegions = (
				en,
				Base,
			);
			mainGroup = 85BA81F21FF204EF009D920A;
			productRefGroup = 85BA81FC1FF204EF009D920A /* Products */;
			projectDirPath = "";
			projectRoot = "";
			targets = (
				85BA81FA1FF204EF009D920A /* ZWDevelopHelperDemo */,
			);
		};
/* End PBXProject section */

/* Begin PBXResourcesBuildPhase section */
		85BA81F91FF204EF009D920A /* Resources */ = {
			isa = PBXResourcesBuildPhase;
			buildActionMask = 2147483647;
			files = (
				85BA820B1FF204EF009D920A /* LaunchScreen.storyboard in Resources */,
				85BA82081FF204EF009D920A /* Assets.xcassets in Resources */,
				85BA82061FF204EF009D920A /* Main.storyboard in Resources */,
			);
			runOnlyForDeploymentPostprocessing = 0;
		};
/* End PBXResourcesBuildPhase section */

/* Begin PBXSourcesBuildPhase section */
		85BA81F71FF204EF009D920A /* Sources */ = {
			isa = PBXSourcesBuildPhase;
			buildActionMask = 2147483647;
			files = (
				85BA821F1FF2614A009D920A /* ZWFileManageHelper.m in Sources */,
				85BA82181FF2057A009D920A /* ZWSandboxHelper.m in Sources */,
				85BA82031FF204EF009D920A /* ViewController.m in Sources */,
				85BA820E1FF204EF009D920A /* main.m in Sources */,
				85BA82001FF204EF009D920A /* AppDelegate.m in Sources */,
			);
			runOnlyForDeploymentPostprocessing = 0;
		};
/* End PBXSourcesBuildPhase section */

/* Begin PBXVariantGroup section */
		85BA82041FF204EF009D920A /* Main.storyboard */ = {
			isa = PBXVariantGroup;
			children = (
				85BA82051FF204EF009D920A /* Base */,
			);
			name = Main.storyboard;
			sourceTree = "<group>";
		};
		85BA82091FF204EF009D920A /* LaunchScreen.storyboard */ = {
			isa = PBXVariantGroup;
			children = (
				85BA820A1FF204EF009D920A /* Base */,
			);
			name = LaunchScreen.storyboard;
			sourceTree = "<group>";
		};
/* End PBXVariantGroup section */

/* Begin XCBuildConfiguration section */
		85BA820F1FF204EF009D920A /* Debug */ = {
			isa = XCBuildConfiguration;
			buildSettings = {
				ALWAYS_SEARCH_USER_PATHS = NO;
				CLANG_ANALYZER_NONNULL = YES;
				CLANG_ANALYZER_NUMBER_OBJECT_CONVERSION = YES_AGGRESSIVE;
				CLANG_CXX_LANGUAGE_STANDARD = "gnu++14";
				CLANG_CXX_LIBRARY = "libc++";
				CLANG_ENABLE_MODULES = YES;
				CLANG_ENABLE_OBJC_ARC = YES;
				CLANG_WARN_BLOCK_CAPTURE_AUTORELEASING = YES;
				CLANG_WARN_BOOL_CONVERSION = YES;
				CLANG_WARN_COMMA = YES;
				CLANG_WARN_CONSTANT_CONVERSION = YES;
				CLANG_WARN_DIRECT_OBJC_ISA_USAGE = YES_ERROR;
				CLANG_WARN_DOCUMENTATION_COMMENTS = YES;
				CLANG_WARN_EMPTY_BODY = YES;
				CLANG_WARN_ENUM_CONVERSION = YES;
				CLANG_WARN_INFINITE_RECURSION = YES;
				CLANG_WARN_INT_CONVERSION = YES;
				CLANG_WARN_NON_LITERAL_NULL_CONVERSION = YES;
				CLANG_WARN_OBJC_LITERAL_CONVERSION = YES;
				CLANG_WARN_OBJC_ROOT_CLASS = YES_ERROR;
				CLANG_WARN_RANGE_LOOP_ANALYSIS = YES;
				CLANG_WARN_STRICT_PROTOTYPES = YES;
				CLANG_WARN_SUSPICIOUS_MOVE = YES;
				CLANG_WARN_UNGUARDED_AVAILABILITY = YES_AGGRESSIVE;
				CLANG_WARN_UNREACHABLE_CODE = YES;
				CLANG_WARN__DUPLICATE_METHOD_MATCH = YES;
				CODE_SIGN_IDENTITY = "iPhone Developer";
				COPY_PHASE_STRIP = NO;
				DEBUG_INFORMATION_FORMAT = dwarf;
				ENABLE_STRICT_OBJC_MSGSEND = YES;
				ENABLE_TESTABILITY = YES;
				GCC_C_LANGUAGE_STANDARD = gnu11;
				GCC_DYNAMIC_NO_PIC = NO;
				GCC_NO_COMMON_BLOCKS = YES;
				GCC_OPTIMIZATION_LEVEL = 0;
				GCC_PREPROCESSOR_DEFINITIONS = (
					"DEBUG=1",
					"$(inherited)",
				);
				GCC_WARN_64_TO_32_BIT_CONVERSION = YES;
				GCC_WARN_ABOUT_RETURN_TYPE = YES_ERROR;
				GCC_WARN_UNDECLARED_SELECTOR = YES;
				GCC_WARN_UNINITIALIZED_AUTOS = YES_AGGRESSIVE;
				GCC_WARN_UNUSED_FUNCTION = YES;
				GCC_WARN_UNUSED_VARIABLE = YES;
				IPHONEOS_DEPLOYMENT_TARGET = 11.2;
				MTL_ENABLE_DEBUG_INFO = YES;
				ONLY_ACTIVE_ARCH = YES;
				SDKROOT = iphoneos;
			};
			name = Debug;
		};
		85BA82101FF204EF009D920A /* Release */ = {
			isa = XCBuildConfiguration;
			buildSettings = {
				ALWAYS_SEARCH_USER_PATHS = NO;
				CLANG_ANALYZER_NONNULL = YES;
				CLANG_ANALYZER_NUMBER_OBJECT_CONVERSION = YES_AGGRESSIVE;
				CLANG_CXX_LANGUAGE_STANDARD = "gnu++14";
				CLANG_CXX_LIBRARY = "libc++";
				CLANG_ENABLE_MODULES = YES;
				CLANG_ENABLE_OBJC_ARC = YES;
				CLANG_WARN_BLOCK_CAPTURE_AUTORELEASING = YES;
				CLANG_WARN_BOOL_CONVERSION = YES;
				CLANG_WARN_COMMA = YES;
				CLANG_WARN_CONSTANT_CONVERSION = YES;
				CLANG_WARN_DIRECT_OBJC_ISA_USAGE = YES_ERROR;
				CLANG_WARN_DOCUMENTATION_COMMENTS = YES;
				CLANG_WARN_EMPTY_BODY = YES;
				CLANG_WARN_ENUM_CONVERSION = YES;
				CLANG_WARN_INFINITE_RECURSION = YES;
				CLANG_WARN_INT_CONVERSION = YES;
				CLANG_WARN_NON_LITERAL_NULL_CONVERSION = YES;
				CLANG_WARN_OBJC_LITERAL_CONVERSION = YES;
				CLANG_WARN_OBJC_ROOT_CLASS = YES_ERROR;
				CLANG_WARN_RANGE_LOOP_ANALYSIS = YES;
				CLANG_WARN_STRICT_PROTOTYPES = YES;
				CLANG_WARN_SUSPICIOUS_MOVE = YES;
				CLANG_WARN_UNGUARDED_AVAILABILITY = YES_AGGRESSIVE;
				CLANG_WARN_UNREACHABLE_CODE = YES;
				CLANG_WARN__DUPLICATE_METHOD_MATCH = YES;
				CODE_SIGN_IDENTITY = "iPhone Developer";
				COPY_PHASE_STRIP = NO;
				DEBUG_INFORMATION_FORMAT = "dwarf-with-dsym";
				ENABLE_NS_ASSERTIONS = NO;
				ENABLE_STRICT_OBJC_MSGSEND = YES;
				GCC_C_LANGUAGE_STANDARD = gnu11;
				GCC_NO_COMMON_BLOCKS = YES;
				GCC_WARN_64_TO_32_BIT_CONVERSION = YES;
				GCC_WARN_ABOUT_RETURN_TYPE = YES_ERROR;
				GCC_WARN_UNDECLARED_SELECTOR = YES;
				GCC_WARN_UNINITIALIZED_AUTOS = YES_AGGRESSIVE;
				GCC_WARN_UNUSED_FUNCTION = YES;
				GCC_WARN_UNUSED_VARIABLE = YES;
				IPHONEOS_DEPLOYMENT_TARGET = 11.2;
				MTL_ENABLE_DEBUG_INFO = NO;
				SDKROOT = iphoneos;
				VALIDATE_PRODUCT = YES;
			};
			name = Release;
		};
		85BA82121FF204EF009D920A /* Debug */ = {
			isa = XCBuildConfiguration;
			buildSettings = {
				ASSETCATALOG_COMPILER_APPICON_NAME = AppIcon;
				CODE_SIGN_STYLE = Automatic;
				INFOPLIST_FILE = ZWDevelopHelperDemo/Info.plist;
				LD_RUNPATH_SEARCH_PATHS = "$(inherited) @executable_path/Frameworks";
				PRODUCT_BUNDLE_IDENTIFIER = "wang-ziwu.ZWDevelopHelperDemo";
				PRODUCT_NAME = "$(TARGET_NAME)";
				TARGETED_DEVICE_FAMILY = "1,2";
			};
			name = Debug;
		};
		85BA82131FF204EF009D920A /* Release */ = {
			isa = XCBuildConfiguration;
			buildSettings = {
				ASSETCATALOG_COMPILER_APPICON_NAME = AppIcon;
				CODE_SIGN_STYLE = Automatic;
				INFOPLIST_FILE = ZWDevelopHelperDemo/Info.plist;
				LD_RUNPATH_SEARCH_PATHS = "$(inherited) @executable_path/Frameworks";
				PRODUCT_BUNDLE_IDENTIFIER = "wang-ziwu.ZWDevelopHelperDemo";
				PRODUCT_NAME = "$(TARGET_NAME)";
				TARGETED_DEVICE_FAMILY = "1,2";
			};
			name = Release;
		};
/* End XCBuildConfiguration section */

/* Begin XCConfigurationList section */
		85BA81F61FF204EF009D920A /* Build configuration list for PBXProject "ZWDevelopHelperDemo" */ = {
			isa = XCConfigurationList;
			buildConfigurations = (
				85BA820F1FF204EF009D920A /* Debug */,
				85BA82101FF204EF009D920A /* Release */,
			);
			defaultConfigurationIsVisible = 0;
			defaultConfigurationName = Release;
		};
		85BA82111FF204EF009D920A /* Build configuration list for PBXNativeTarget "ZWDevelopHelperDemo" */ = {
			isa = XCConfigurationList;
			buildConfigurations = (
				85BA82121FF204EF009D920A /* Debug */,
				85BA82131FF204EF009D920A /* Release */,
			);
			defaultConfigurationIsVisible = 0;
			defaultConfigurationName = Release;
		};
/* End XCConfigurationList section */
	};
	rootObject = 85BA81F31FF204EF009D920A /* Project object */;
}
